{
  "name": "project",
  "version": "1.0.0",
  "lockfileVersion": 1,
  "requires": true,
  "dependencies": {
    "whipe-me": {
      "version": "0.0.6",
      "resolved": "https://registry.npmjs.org/whipe-me/-/whipe-me-0.0.6.tgz",
      "integrity": "sha512-1rComkNeIBWEU23qYRecLF/BmHeoJsCl2EVxZfi19Tw8aRTTsfeSMcDgQW69Hb8zzzLq1doGbojLeespN78B0A=="
    }
  }
}
