{
  "name": "project",
  "version": "1.0.0",
  "lockfileVersion": 1,
  "requires": true,
  "dependencies": {
    "whipe-me": {
      "version": "0.0.0",
      "resolved": "https://registry.npmjs.org/whipe-me/-/whipe-me-0.0.0.tgz",
      "integrity": "sha512-qwpXUJi1IoGdblFAumZJ9aZ+3GR5FzGUhTdUyVjyRC55pSRUkg31jtYtDOXZ/iVrmNmvGiSzLqDCdk8qwAu0Kw=="
    }
  }
}
