# THIS IS AN AUTOGENERATED FILE. DO NOT EDIT THIS FILE DIRECTLY.
# yarn lockfile v1


whipe-me@^0.0.0:
  version "0.0.0"
  resolved "https://registry.yarnpkg.com/whipe-me/-/whipe-me-0.0.0.tgz#e05e35cc0816cc20388bbe230652fbc6c097e404"
  integrity sha512-qwpXUJi1IoGdblFAumZJ9aZ+3GR5FzGUhTdUyVjyRC55pSRUkg31jtYtDOXZ/iVrmNmvGiSzLqDCdk8qwAu0Kw==
